
Microsoft Visual Studio Solution File, Format Version 11.00
# Visual C# Express 2010
Project("{FAE04EC0-301F-11D3-BF4B-00C04F79EFBC}") = "ValueEngine", "ValueEngine\ValueEngine.csproj", "{F46043C6-9A1F-46C4-BCF3-787F12D2B13B}"
EndProject
Global
	GlobalSection(SolutionConfigurationPlatforms) = preSolution
		Debug|Any CPU = Debug|Any CPU
		Release|Any CPU = Release|Any CPU
	EndGlobalSection
	GlobalSection(ProjectConfigurationPlatforms) = postSolution
		{F46043C6-9A1F-46C4-BCF3-787F12D2B13B}.Debug|Any CPU.ActiveCfg = Debug|Any CPU
		{F46043C6-9A1F-46C4-BCF3-787F12D2B13B}.Debug|Any CPU.Build.0 = Debug|Any CPU
		{F46043C6-9A1F-46C4-BCF3-787F12D2B13B}.Release|Any CPU.ActiveCfg = Release|Any CPU
		{F46043C6-9A1F-46C4-BCF3-787F12D2B13B}.Release|Any CPU.Build.0 = Release|Any CPU
	EndGlobalSection
	GlobalSection(SolutionProperties) = preSolution
		HideSolutionNode = FALSE
	EndGlobalSection
EndGlobal
